// !$*UTF8*$!
{
	archiveVersion = 1;
	classes = {
	};
	objectVersion = 55;
	objects = {

/* Begin PBXBuildFile section */
		1C24D83E28C0DB1600853461 /* SVG2PathDemoApp.swift in Sources */ = {isa = PBXBuildFile; fileRef = 1C24D83D28C0DB1600853461 /* SVG2PathDemoApp.swift */; };
		1C24D84028C0DB1600853461 /* ContentView.swift in Sources */ = {isa = PBXBuildFile; fileRef = 1C24D83F28C0DB1600853461 /* ContentView.swift */; };
		1C24D84228C0DB1700853461 /* Assets.xcassets in Resources */ = {isa = PBXBuildFile; fileRef = 1C24D84128C0DB1700853461 /* Assets.xcassets */; };
		1C24D84528C0DB1700853461 /* Preview Assets.xcassets in Resources */ = {isa = PBXBuildFile; fileRef = 1C24D84428C0DB1700853461 /* Preview Assets.xcassets */; };
		1C49187A28C0E51C001DC1B5 /* SVG2Path in Frameworks */ = {isa = PBXBuildFile; productRef = 1C49187928C0E51C001DC1B5 /* SVG2Path */; };
/* End PBXBuildFile section */

/* Begin PBXFileReference section */
		1C24D83A28C0DB1600853461 /* SVG2PathDemo.app */ = {isa = PBXFileReference; explicitFileType = wrapper.application; includeInIndex = 0; path = SVG2PathDemo.app; sourceTree = BUILT_PRODUCTS_DIR; };
		1C24D83D28C0DB1600853461 /* SVG2PathDemoApp.swift */ = {isa = PBXFileReference; lastKnownFileType = sourcecode.swift; path = SVG2PathDemoApp.swift; sourceTree = "<group>"; };
		1C24D83F28C0DB1600853461 /* ContentView.swift */ = {isa = PBXFileReference; lastKnownFileType = sourcecode.swift; path = ContentView.swift; sourceTree = "<group>"; };
		1C24D84128C0DB1700853461 /* Assets.xcassets */ = {isa = PBXFileReference; lastKnownFileType = folder.assetcatalog; path = Assets.xcassets; sourceTree = "<group>"; };
		1C24D84428C0DB1700853461 /* Preview Assets.xcassets */ = {isa = PBXFileReference; lastKnownFileType = folder.assetcatalog; path = "Preview Assets.xcassets"; sourceTree = "<group>"; };
		1C24D84628C0DB1700853461 /* SVG2PathDemo.entitlements */ = {isa = PBXFileReference; lastKnownFileType = text.plist.entitlements; path = SVG2PathDemo.entitlements; sourceTree = "<group>"; };
		1C24D85028C0DF4200853461 /* SVG2Path */ = {isa = PBXFileReference; lastKnownFileType = wrapper; name = SVG2Path; path = ..; sourceTree = "<group>"; };
/* End PBXFileReference section */

/* Begin PBXFrameworksBuildPhase section */
		1C24D83728C0DB1600853461 /* Frameworks */ = {
			isa = PBXFrameworksBuildPhase;
			buildActionMask = 2147483647;
			files = (
				1C49187A28C0E51C001DC1B5 /* SVG2Path in Frameworks */,
			);
			runOnlyForDeploymentPostprocessing = 0;
		};
/* End PBXFrameworksBuildPhase section */

/* Begin PBXGroup section */
		1C24D83128C0DB1600853461 = {
			isa = PBXGroup;
			children = (
				1C24D84F28C0DF4200853461 /* Packages */,
				1C24D83C28C0DB1600853461 /* SVG2PathDemo */,
				1C24D83B28C0DB1600853461 /* Products */,
				1C49187828C0E51C001DC1B5 /* Frameworks */,
			);
			sourceTree = "<group>";
		};
		1C24D83B28C0DB1600853461 /* Products */ = {
			isa = PBXGroup;
			children = (
				1C24D83A28C0DB1600853461 /* SVG2PathDemo.app */,
			);
			name = Products;
			sourceTree = "<group>";
		};
		1C24D83C28C0DB1600853461 /* SVG2PathDemo */ = {
			isa = PBXGroup;
			children = (
				1C24D83D28C0DB1600853461 /* SVG2PathDemoApp.swift */,
				1C24D83F28C0DB1600853461 /* ContentView.swift */,
				1C24D84128C0DB1700853461 /* Assets.xcassets */,
				1C24D84628C0DB1700853461 /* SVG2PathDemo.entitlements */,
				1C24D84328C0DB1700853461 /* Preview Content */,
			);
			path = SVG2PathDemo;
			sourceTree = "<group>";
		};
		1C24D84328C0DB1700853461 /* Preview Content */ = {
			isa = PBXGroup;
			children = (
				1C24D84428C0DB1700853461 /* Preview Assets.xcassets */,
			);
			path = "Preview Content";
			sourceTree = "<group>";
		};
		1C24D84F28C0DF4200853461 /* Packages */ = {
			isa = PBXGroup;
			children = (
				1C24D85028C0DF4200853461 /* SVG2Path */,
			);
			name = Packages;
			sourceTree = "<group>";
		};
		1C49187828C0E51C001DC1B5 /* Frameworks */ = {
			isa = PBXGroup;
			children = (
			);
			name = Frameworks;
			sourceTree = "<group>";
		};
/* End PBXGroup section */

/* Begin PBXNativeTarget section */
		1C24D83928C0DB1600853461 /* SVG2PathDemo */ = {
			isa = PBXNativeTarget;
			buildConfigurationList = 1C24D84928C0DB1700853461 /* Build configuration list for PBXNativeTarget "SVG2PathDemo" */;
			buildPhases = (
				1C24D83628C0DB1600853461 /* Sources */,
				1C24D83728C0DB1600853461 /* Frameworks */,
				1C24D83828C0DB1600853461 /* Resources */,
			);
			buildRules = (
			);
			dependencies = (
			);
			name = SVG2PathDemo;
			packageProductDependencies = (
				1C49187928C0E51C001DC1B5 /* SVG2Path */,
			);
			productName = SVG2PathDemo;
			productReference = 1C24D83A28C0DB1600853461 /* SVG2PathDemo.app */;
			productType = "com.apple.product-type.application";
		};
/* End PBXNativeTarget section */

/* Begin PBXProject section */
		1C24D83228C0DB1600853461 /* Project object */ = {
			isa = PBXProject;
			attributes = {
				BuildIndependentTargetsInParallel = 1;
				LastSwiftUpdateCheck = 1340;
				LastUpgradeCheck = 1340;
				TargetAttributes = {
					1C24D83928C0DB1600853461 = {
						CreatedOnToolsVersion = 13.4.1;
					};
				};
			};
			buildConfigurationList = 1C24D83528C0DB1600853461 /* Build configuration list for PBXProject "SVG2PathDemo" */;
			compatibilityVersion = "Xcode 13.0";
			developmentRegion = en;
			hasScannedForEncodings = 0;
			knownRegions = (
				en,
				Base,
			);
			mainGroup = 1C24D83128C0DB1600853461;
			productRefGroup = 1C24D83B28C0DB1600853461 /* Products */;
			projectDirPath = "";
			projectRoot = "";
			targets = (
				1C24D83928C0DB1600853461 /* SVG2PathDemo */,
			);
		};
/* End PBXProject section */

/* Begin PBXResourcesBuildPhase section */
		1C24D83828C0DB1600853461 /* Resources */ = {
			isa = PBXResourcesBuildPhase;
			buildActionMask = 2147483647;
			files = (
				1C24D84528C0DB1700853461 /* Preview Assets.xcassets in Resources */,
				1C24D84228C0DB1700853461 /* Assets.xcassets in Resources */,
			);
			runOnlyForDeploymentPostprocessing = 0;
		};
/* End PBXResourcesBuildPhase section */

/* Begin PBXSourcesBuildPhase section */
		1C24D83628C0DB1600853461 /* Sources */ = {
			isa = PBXSourcesBuildPhase;
			buildActionMask = 2147483647;
			files = (
				1C24D84028C0DB1600853461 /* ContentView.swift in Sources */,
				1C24D83E28C0DB1600853461 /* SVG2PathDemoApp.swift in Sources */,
			);
			runOnlyForDeploymentPostprocessing = 0;
		};
/* End PBXSourcesBuildPhase section */

/* Begin XCBuildConfiguration section */
		1C24D84728C0DB1700853461 /* Debug */ = {
			isa = XCBuildConfiguration;
			buildSettings = {
				ALWAYS_SEARCH_USER_PATHS = NO;
				CLANG_ANALYZER_NONNULL = YES;
				CLANG_ANALYZER_NUMBER_OBJECT_CONVERSION = YES_AGGRESSIVE;
				CLANG_CXX_LANGUAGE_STANDARD = "gnu++17";
				CLANG_ENABLE_MODULES = YES;
				CLANG_ENABLE_OBJC_ARC = YES;
				CLANG_ENABLE_OBJC_WEAK = YES;
				CLANG_WARN_BLOCK_CAPTURE_AUTORELEASING = YES;
				CLANG_WARN_BOOL_CONVERSION = YES;
				CLANG_WARN_COMMA = YES;
				CLANG_WARN_CONSTANT_CONVERSION = YES;
				CLANG_WARN_DEPRECATED_OBJC_IMPLEMENTATIONS = YES;
				CLANG_WARN_DIRECT_OBJC_ISA_USAGE = YES_ERROR;
				CLANG_WARN_DOCUMENTATION_COMMENTS = YES;
				CLANG_WARN_EMPTY_BODY = YES;
				CLANG_WARN_ENUM_CONVERSION = YES;
				CLANG_WARN_INFINITE_RECURSION = YES;
				CLANG_WARN_INT_CONVERSION = YES;
				CLANG_WARN_NON_LITERAL_NULL_CONVERSION = YES;
				CLANG_WARN_OBJC_IMPLICIT_RETAIN_SELF = YES;
				CLANG_WARN_OBJC_LITERAL_CONVERSION = YES;
				CLANG_WARN_OBJC_ROOT_CLASS = YES_ERROR;
				CLANG_WARN_QUOTED_INCLUDE_IN_FRAMEWORK_HEADER = YES;
				CLANG_WARN_RANGE_LOOP_ANALYSIS = YES;
				CLANG_WARN_STRICT_PROTOTYPES = YES;
				CLANG_WARN_SUSPICIOUS_MOVE = YES;
				CLANG_WARN_UNGUARDED_AVAILABILITY = YES_AGGRESSIVE;
				CLANG_WARN_UNREACHABLE_CODE = YES;
				CLANG_WARN__DUPLICATE_METHOD_MATCH = YES;
				COPY_PHASE_STRIP = NO;
				DEBUG_INFORMATION_FORMAT = dwarf;
				ENABLE_STRICT_OBJC_MSGSEND = YES;
				ENABLE_TESTABILITY = YES;
				GCC_C_LANGUAGE_STANDARD = gnu11;
				GCC_DYNAMIC_NO_PIC = NO;
				GCC_NO_COMMON_BLOCKS = YES;
				GCC_OPTIMIZATION_LEVEL = 0;
				GCC_PREPROCESSOR_DEFINITIONS = (
					"DEBUG=1",
					"$(inherited)",
				);
				GCC_WARN_64_TO_32_BIT_CONVERSION = YES;
				GCC_WARN_ABOUT_RETURN_TYPE = YES_ERROR;
				GCC_WARN_UNDECLARED_SELECTOR = YES;
				GCC_WARN_UNINITIALIZED_AUTOS = YES_AGGRESSIVE;
				GCC_WARN_UNUSED_FUNCTION = YES;
				GCC_WARN_UNUSED_VARIABLE = YES;
				MACOSX_DEPLOYMENT_TARGET = 12.0;
				MTL_ENABLE_DEBUG_INFO = INCLUDE_SOURCE;
				MTL_FAST_MATH = YES;
				ONLY_ACTIVE_ARCH = YES;
				SDKROOT = macosx;
				SWIFT_ACTIVE_COMPILATION_CONDITIONS = DEBUG;
				SWIFT_OPTIMIZATION_LEVEL = "-Onone";
			};
			name = Debug;
		};
		1C24D84828C0DB1700853461 /* Release */ = {
			isa = XCBuildConfiguration;
			buildSettings = {
				ALWAYS_SEARCH_USER_PATHS = NO;
				CLANG_ANALYZER_NONNULL = YES;
				CLANG_ANALYZER_NUMBER_OBJECT_CONVERSION = YES_AGGRESSIVE;
				CLANG_CXX_LANGUAGE_STANDARD = "gnu++17";
				CLANG_ENABLE_MODULES = YES;
				CLANG_ENABLE_OBJC_ARC = YES;
				CLANG_ENABLE_OBJC_WEAK = YES;
				CLANG_WARN_BLOCK_CAPTURE_AUTORELEASING = YES;
				CLANG_WARN_BOOL_CONVERSION = YES;
				CLANG_WARN_COMMA = YES;
				CLANG_WARN_CONSTANT_CONVERSION = YES;
				CLANG_WARN_DEPRECATED_OBJC_IMPLEMENTATIONS = YES;
				CLANG_WARN_DIRECT_OBJC_ISA_USAGE = YES_ERROR;
				CLANG_WARN_DOCUMENTATION_COMMENTS = YES;
				CLANG_WARN_EMPTY_BODY = YES;
				CLANG_WARN_ENUM_CONVERSION = YES;
				CLANG_WARN_INFINITE_RECURSION = YES;
				CLANG_WARN_INT_CONVERSION = YES;
				CLANG_WARN_NON_LITERAL_NULL_CONVERSION = YES;
				CLANG_WARN_OBJC_IMPLICIT_RETAIN_SELF = YES;
				CLANG_WARN_OBJC_LITERAL_CONVERSION = YES;
				CLANG_WARN_OBJC_ROOT_CLASS = YES_ERROR;
				CLANG_WARN_QUOTED_INCLUDE_IN_FRAMEWORK_HEADER = YES;
				CLANG_WARN_RANGE_LOOP_ANALYSIS = YES;
				CLANG_WARN_STRICT_PROTOTYPES = YES;
				CLANG_WARN_SUSPICIOUS_MOVE = YES;
				CLANG_WARN_UNGUARDED_AVAILABILITY = YES_AGGRESSIVE;
				CLANG_WARN_UNREACHABLE_CODE = YES;
				CLANG_WARN__DUPLICATE_METHOD_MATCH = YES;
				COPY_PHASE_STRIP = NO;
				DEBUG_INFORMATION_FORMAT = "dwarf-with-dsym";
				ENABLE_NS_ASSERTIONS = NO;
				ENABLE_STRICT_OBJC_MSGSEND = YES;
				GCC_C_LANGUAGE_STANDARD = gnu11;
				GCC_NO_COMMON_BLOCKS = YES;
				GCC_WARN_64_TO_32_BIT_CONVERSION = YES;
				GCC_WARN_ABOUT_RETURN_TYPE = YES_ERROR;
				GCC_WARN_UNDECLARED_SELECTOR = YES;
				GCC_WARN_UNINITIALIZED_AUTOS = YES_AGGRESSIVE;
				GCC_WARN_UNUSED_FUNCTION = YES;
				GCC_WARN_UNUSED_VARIABLE = YES;
				MACOSX_DEPLOYMENT_TARGET = 12.0;
				MTL_ENABLE_DEBUG_INFO = NO;
				MTL_FAST_MATH = YES;
				SDKROOT = macosx;
				SWIFT_COMPILATION_MODE = wholemodule;
				SWIFT_OPTIMIZATION_LEVEL = "-O";
			};
			name = Release;
		};
		1C24D84A28C0DB1700853461 /* Debug */ = {
			isa = XCBuildConfiguration;
			buildSettings = {
				ASSETCATALOG_COMPILER_APPICON_NAME = AppIcon;
				ASSETCATALOG_COMPILER_GLOBAL_ACCENT_COLOR_NAME = AccentColor;
				CODE_SIGN_ENTITLEMENTS = SVG2PathDemo/SVG2PathDemo.entitlements;
				CODE_SIGN_STYLE = Automatic;
				COMBINE_HIDPI_IMAGES = YES;
				CURRENT_PROJECT_VERSION = 1;
				DEVELOPMENT_ASSET_PATHS = "\"SVG2PathDemo/Preview Content\"";
				DEVELOPMENT_TEAM = VJ5N2X84K8;
				ENABLE_HARDENED_RUNTIME = YES;
				ENABLE_PREVIEWS = YES;
				GENERATE_INFOPLIST_FILE = YES;
				INFOPLIST_KEY_NSHumanReadableCopyright = "";
				LD_RUNPATH_SEARCH_PATHS = (
					"$(inherited)",
					"@executable_path/../Frameworks",
				);
				MARKETING_VERSION = 1.0;
				PRODUCT_BUNDLE_IDENTIFIER = com.kyome.SVG2PathDemo;
				PRODUCT_NAME = "$(TARGET_NAME)";
				SWIFT_EMIT_LOC_STRINGS = YES;
				SWIFT_VERSION = 5.0;
			};
			name = Debug;
		};
		1C24D84B28C0DB1700853461 /* Release */ = {
			isa = XCBuildConfiguration;
			buildSettings = {
				ASSETCATALOG_COMPILER_APPICON_NAME = AppIcon;
				ASSETCATALOG_COMPILER_GLOBAL_ACCENT_COLOR_NAME = AccentColor;
				CODE_SIGN_ENTITLEMENTS = SVG2PathDemo/SVG2PathDemo.entitlements;
				CODE_SIGN_STYLE = Automatic;
				COMBINE_HIDPI_IMAGES = YES;
				CURRENT_PROJECT_VERSION = 1;
				DEVELOPMENT_ASSET_PATHS = "\"SVG2PathDemo/Preview Content\"";
				DEVELOPMENT_TEAM = VJ5N2X84K8;
				ENABLE_HARDENED_RUNTIME = YES;
				ENABLE_PREVIEWS = YES;
				GENERATE_INFOPLIST_FILE = YES;
				INFOPLIST_KEY_NSHumanReadableCopyright = "";
				LD_RUNPATH_SEARCH_PATHS = (
					"$(inherited)",
					"@executable_path/../Frameworks",
				);
				MARKETING_VERSION = 1.0;
				PRODUCT_BUNDLE_IDENTIFIER = com.kyome.SVG2PathDemo;
				PRODUCT_NAME = "$(TARGET_NAME)";
				SWIFT_EMIT_LOC_STRINGS = YES;
				SWIFT_VERSION = 5.0;
			};
			name = Release;
		};
/* End XCBuildConfiguration section */

/* Begin XCConfigurationList section */
		1C24D83528C0DB1600853461 /* Build configuration list for PBXProject "SVG2PathDemo" */ = {
			isa = XCConfigurationList;
			buildConfigurations = (
				1C24D84728C0DB1700853461 /* Debug */,
				1C24D84828C0DB1700853461 /* Release */,
			);
			defaultConfigurationIsVisible = 0;
			defaultConfigurationName = Release;
		};
		1C24D84928C0DB1700853461 /* Build configuration list for PBXNativeTarget "SVG2PathDemo" */ = {
			isa = XCConfigurationList;
			buildConfigurations = (
				1C24D84A28C0DB1700853461 /* Debug */,
				1C24D84B28C0DB1700853461 /* Release */,
			);
			defaultConfigurationIsVisible = 0;
			defaultConfigurationName = Release;
		};
/* End XCConfigurationList section */

/* Begin XCSwiftPackageProductDependency section */
		1C49187928C0E51C001DC1B5 /* SVG2Path */ = {
			isa = XCSwiftPackageProductDependency;
			productName = SVG2Path;
		};
/* End XCSwiftPackageProductDependency section */
	};
	rootObject = 1C24D83228C0DB1600853461 /* Project object */;
}
